
Microsoft Visual Studio Solution File, Format Version 12.00
# Visual Studio Version 16
VisualStudioVersion = 16.0.31410.357
MinimumVisualStudioVersion = 10.0.40219.1
Project("{FAE04EC0-301F-11D3-BF4B-00C04F79EFBC}") = "AnnouncementWebsite", "AnnouncementWebsite\AnnouncementWebsite.csproj", "{1576A2F0-A3E8-46DB-A8F0-86A9B88B8461}"
EndProject
Global
	GlobalSection(SolutionConfigurationPlatforms) = preSolution
		Debug|Any CPU = Debug|Any CPU
		Release|Any CPU = Release|Any CPU
	EndGlobalSection
	GlobalSection(ProjectConfigurationPlatforms) = postSolution
		{1576A2F0-A3E8-46DB-A8F0-86A9B88B8461}.Debug|Any CPU.ActiveCfg = Debug|Any CPU
		{1576A2F0-A3E8-46DB-A8F0-86A9B88B8461}.Debug|Any CPU.Build.0 = Debug|Any CPU
		{1576A2F0-A3E8-46DB-A8F0-86A9B88B8461}.Release|Any CPU.ActiveCfg = Release|Any CPU
		{1576A2F0-A3E8-46DB-A8F0-86A9B88B8461}.Release|Any CPU.Build.0 = Release|Any CPU
	EndGlobalSection
	GlobalSection(SolutionProperties) = preSolution
		HideSolutionNode = FALSE
	EndGlobalSection
	GlobalSection(ExtensibilityGlobals) = postSolution
		SolutionGuid = {CDCEDB87-488F-4291-BB39-ECB3CD3BB561}
	EndGlobalSection
EndGlobal
